
Microsoft Visual Studio Solution File, Format Version 12.00
# Visual Studio Version 16
VisualStudioVersion = 16.0.31515.178
MinimumVisualStudioVersion = 10.0.40219.1
Project("{FAE04EC0-301F-11D3-BF4B-00C04F79EFBC}") = "processamento-de-imagens", "processamento-de-imagens\processamento-de-imagens.csproj", "{38AE386C-4170-4EF6-9AB2-DD4B3306E4EA}"
EndProject
Global
	GlobalSection(SolutionConfigurationPlatforms) = preSolution
		Debug|Any CPU = Debug|Any CPU
		Release|Any CPU = Release|Any CPU
	EndGlobalSection
	GlobalSection(ProjectConfigurationPlatforms) = postSolution
		{38AE386C-4170-4EF6-9AB2-DD4B3306E4EA}.Debug|Any CPU.ActiveCfg = Debug|Any CPU
		{38AE386C-4170-4EF6-9AB2-DD4B3306E4EA}.Debug|Any CPU.Build.0 = Debug|Any CPU
		{38AE386C-4170-4EF6-9AB2-DD4B3306E4EA}.Release|Any CPU.ActiveCfg = Release|Any CPU
		{38AE386C-4170-4EF6-9AB2-DD4B3306E4EA}.Release|Any CPU.Build.0 = Release|Any CPU
	EndGlobalSection
	GlobalSection(SolutionProperties) = preSolution
		HideSolutionNode = FALSE
	EndGlobalSection
	GlobalSection(ExtensibilityGlobals) = postSolution
		SolutionGuid = {4F4A9421-810A-475B-A7A5-A41585B06008}
	EndGlobalSection
EndGlobal
